
Microsoft Visual Studio Solution File, Format Version 12.00
# Visual Studio Version 17
VisualStudioVersion = 17.4.33122.133
MinimumVisualStudioVersion = 10.0.40219.1
Project("{FAE04EC0-301F-11D3-BF4B-00C04F79EFBC}") = "BulkyBook", "BulkyBook\BulkyBook.csproj", "{91BE96A6-F298-4772-875A-AB25965873EB}"
EndProject
Global
	GlobalSection(SolutionConfigurationPlatforms) = preSolution
		Debug|Any CPU = Debug|Any CPU
		Release|Any CPU = Release|Any CPU
	EndGlobalSection
	GlobalSection(ProjectConfigurationPlatforms) = postSolution
		{91BE96A6-F298-4772-875A-AB25965873EB}.Debug|Any CPU.ActiveCfg = Debug|Any CPU
		{91BE96A6-F298-4772-875A-AB25965873EB}.Debug|Any CPU.Build.0 = Debug|Any CPU
		{91BE96A6-F298-4772-875A-AB25965873EB}.Release|Any CPU.ActiveCfg = Release|Any CPU
		{91BE96A6-F298-4772-875A-AB25965873EB}.Release|Any CPU.Build.0 = Release|Any CPU
	EndGlobalSection
	GlobalSection(SolutionProperties) = preSolution
		HideSolutionNode = FALSE
	EndGlobalSection
	GlobalSection(ExtensibilityGlobals) = postSolution
		SolutionGuid = {D1583094-CE81-45F2-9693-EA435E8AC8FA}
	EndGlobalSection
EndGlobal
